
Microsoft Visual Studio Solution File, Format Version 12.00
# Visual Studio Version 17
VisualStudioVersion = 17.0.31903.59
MinimumVisualStudioVersion = 10.0.40219.1
Project("{FAE04EC0-301F-11D3-BF4B-00C04F79EFBC}") = "Task_5.5", "Task_5.5\Task_5.5.csproj", "{8356BE8E-655C-4A24-A432-6795D4451EA3}"
EndProject
Global
	GlobalSection(SolutionConfigurationPlatforms) = preSolution
		Debug|Any CPU = Debug|Any CPU
		Release|Any CPU = Release|Any CPU
	EndGlobalSection
	GlobalSection(ProjectConfigurationPlatforms) = postSolution
		{8356BE8E-655C-4A24-A432-6795D4451EA3}.Debug|Any CPU.ActiveCfg = Debug|Any CPU
		{8356BE8E-655C-4A24-A432-6795D4451EA3}.Debug|Any CPU.Build.0 = Debug|Any CPU
		{8356BE8E-655C-4A24-A432-6795D4451EA3}.Release|Any CPU.ActiveCfg = Release|Any CPU
		{8356BE8E-655C-4A24-A432-6795D4451EA3}.Release|Any CPU.Build.0 = Release|Any CPU
	EndGlobalSection
	GlobalSection(SolutionProperties) = preSolution
		HideSolutionNode = FALSE
	EndGlobalSection
	GlobalSection(ExtensibilityGlobals) = postSolution
		SolutionGuid = {8099F53C-80D4-46A8-B6C9-FD8C36BA5323}
	EndGlobalSection
EndGlobal
